
Microsoft Visual Studio Solution File, Format Version 12.00
# Visual Studio Version 17
VisualStudioVersion = 17.11.35312.102
MinimumVisualStudioVersion = 10.0.40219.1
Project("{FAE04EC0-301F-11D3-BF4B-00C04F79EFBC}") = "EXAMEN FINAL", "EXAMEN FINAL\EXAMEN FINAL.csproj", "{DC709EB7-E317-4F2D-982C-177CCFD9D587}"
EndProject
Global
	GlobalSection(SolutionConfigurationPlatforms) = preSolution
		Debug|Any CPU = Debug|Any CPU
		Release|Any CPU = Release|Any CPU
	EndGlobalSection
	GlobalSection(ProjectConfigurationPlatforms) = postSolution
		{DC709EB7-E317-4F2D-982C-177CCFD9D587}.Debug|Any CPU.ActiveCfg = Debug|Any CPU
		{DC709EB7-E317-4F2D-982C-177CCFD9D587}.Debug|Any CPU.Build.0 = Debug|Any CPU
		{DC709EB7-E317-4F2D-982C-177CCFD9D587}.Release|Any CPU.ActiveCfg = Release|Any CPU
		{DC709EB7-E317-4F2D-982C-177CCFD9D587}.Release|Any CPU.Build.0 = Release|Any CPU
	EndGlobalSection
	GlobalSection(SolutionProperties) = preSolution
		HideSolutionNode = FALSE
	EndGlobalSection
	GlobalSection(ExtensibilityGlobals) = postSolution
		SolutionGuid = {A7E18687-A16F-4174-B737-EC9488926096}
	EndGlobalSection
EndGlobal
